
Microsoft Visual Studio Solution File, Format Version 12.00
# Visual Studio Version 16
VisualStudioVersion = 16.0.31402.337
MinimumVisualStudioVersion = 10.0.40219.1
Project("{9A19103F-16F7-4668-BE54-9A1E7A4F7556}") = "School-HangmanHomework", "School-HangmanHomework\School-HangmanHomework.csproj", "{15FFF999-67CF-43BA-B53D-A6DBA9EF91A3}"
EndProject
Global
	GlobalSection(SolutionConfigurationPlatforms) = preSolution
		Debug|Any CPU = Debug|Any CPU
		Release|Any CPU = Release|Any CPU
	EndGlobalSection
	GlobalSection(ProjectConfigurationPlatforms) = postSolution
		{15FFF999-67CF-43BA-B53D-A6DBA9EF91A3}.Debug|Any CPU.ActiveCfg = Debug|Any CPU
		{15FFF999-67CF-43BA-B53D-A6DBA9EF91A3}.Debug|Any CPU.Build.0 = Debug|Any CPU
		{15FFF999-67CF-43BA-B53D-A6DBA9EF91A3}.Release|Any CPU.ActiveCfg = Release|Any CPU
		{15FFF999-67CF-43BA-B53D-A6DBA9EF91A3}.Release|Any CPU.Build.0 = Release|Any CPU
	EndGlobalSection
	GlobalSection(SolutionProperties) = preSolution
		HideSolutionNode = FALSE
	EndGlobalSection
	GlobalSection(ExtensibilityGlobals) = postSolution
		SolutionGuid = {602806A9-F9A0-45E9-AA05-C2C124E75F24}
	EndGlobalSection
EndGlobal
